
Microsoft Visual Studio Solution File, Format Version 12.00
# Visual Studio Version 17
VisualStudioVersion = 17.7.34202.233
MinimumVisualStudioVersion = 10.0.40219.1
Project("{9A19103F-16F7-4668-BE54-9A1E7A4F7556}") = "SeleniumEx", "SeleniumEx\SeleniumEx.csproj", "{CAF9ABEE-2AEC-4C23-8260-53A050628260}"
EndProject
Project("{9A19103F-16F7-4668-BE54-9A1E7A4F7556}") = "SeleniumNUnitEx", "SeleniumNUnitEx\SeleniumNUnitEx.csproj", "{2699682D-966C-4604-A52F-046566ED058C}"
EndProject
Project("{9A19103F-16F7-4668-BE54-9A1E7A4F7556}") = "Assignments", "Assignments\Assignments.csproj", "{88C86D8D-663F-4A15-B821-851E70597E40}"
EndProject
Project("{9A19103F-16F7-4668-BE54-9A1E7A4F7556}") = "AssignmentNunit", "AssignmentNunit\AssignmentNunit.csproj", "{BEBECBC8-B2E1-4A16-BC39-56EED63CC5EC}"
EndProject
Project("{FAE04EC0-301F-11D3-BF4B-00C04F79EFBC}") = "Rediff", "Rediff\Rediff.csproj", "{8DB0F2C2-FFB2-46E5-9C93-A3AFED0F3E70}"
EndProject
Global
	GlobalSection(SolutionConfigurationPlatforms) = preSolution
		Debug|Any CPU = Debug|Any CPU
		Release|Any CPU = Release|Any CPU
	EndGlobalSection
	GlobalSection(ProjectConfigurationPlatforms) = postSolution
		{CAF9ABEE-2AEC-4C23-8260-53A050628260}.Debug|Any CPU.ActiveCfg = Debug|Any CPU
		{CAF9ABEE-2AEC-4C23-8260-53A050628260}.Debug|Any CPU.Build.0 = Debug|Any CPU
		{CAF9ABEE-2AEC-4C23-8260-53A050628260}.Release|Any CPU.ActiveCfg = Release|Any CPU
		{CAF9ABEE-2AEC-4C23-8260-53A050628260}.Release|Any CPU.Build.0 = Release|Any CPU
		{2699682D-966C-4604-A52F-046566ED058C}.Debug|Any CPU.ActiveCfg = Debug|Any CPU
		{2699682D-966C-4604-A52F-046566ED058C}.Debug|Any CPU.Build.0 = Debug|Any CPU
		{2699682D-966C-4604-A52F-046566ED058C}.Release|Any CPU.ActiveCfg = Release|Any CPU
		{2699682D-966C-4604-A52F-046566ED058C}.Release|Any CPU.Build.0 = Release|Any CPU
		{88C86D8D-663F-4A15-B821-851E70597E40}.Debug|Any CPU.ActiveCfg = Debug|Any CPU
		{88C86D8D-663F-4A15-B821-851E70597E40}.Debug|Any CPU.Build.0 = Debug|Any CPU
		{88C86D8D-663F-4A15-B821-851E70597E40}.Release|Any CPU.ActiveCfg = Release|Any CPU
		{88C86D8D-663F-4A15-B821-851E70597E40}.Release|Any CPU.Build.0 = Release|Any CPU
		{BEBECBC8-B2E1-4A16-BC39-56EED63CC5EC}.Debug|Any CPU.ActiveCfg = Debug|Any CPU
		{BEBECBC8-B2E1-4A16-BC39-56EED63CC5EC}.Debug|Any CPU.Build.0 = Debug|Any CPU
		{BEBECBC8-B2E1-4A16-BC39-56EED63CC5EC}.Release|Any CPU.ActiveCfg = Release|Any CPU
		{BEBECBC8-B2E1-4A16-BC39-56EED63CC5EC}.Release|Any CPU.Build.0 = Release|Any CPU
		{8DB0F2C2-FFB2-46E5-9C93-A3AFED0F3E70}.Debug|Any CPU.ActiveCfg = Debug|Any CPU
		{8DB0F2C2-FFB2-46E5-9C93-A3AFED0F3E70}.Debug|Any CPU.Build.0 = Debug|Any CPU
		{8DB0F2C2-FFB2-46E5-9C93-A3AFED0F3E70}.Release|Any CPU.ActiveCfg = Release|Any CPU
		{8DB0F2C2-FFB2-46E5-9C93-A3AFED0F3E70}.Release|Any CPU.Build.0 = Release|Any CPU
	EndGlobalSection
	GlobalSection(SolutionProperties) = preSolution
		HideSolutionNode = FALSE
	EndGlobalSection
	GlobalSection(ExtensibilityGlobals) = postSolution
		SolutionGuid = {0DF0FF15-21DA-4D71-A794-93DFEF102082}
	EndGlobalSection
EndGlobal
